
Microsoft Visual Studio Solution File, Format Version 12.00
# Visual Studio Version 17
VisualStudioVersion = 17.1.32210.238
MinimumVisualStudioVersion = 10.0.40219.1
Project("{FAE04EC0-301F-11D3-BF4B-00C04F79EFBC}") = "AndyHahnCodingExercise", "AndyHahnCodingExercise.csproj", "{DE6D30AA-2D00-474F-B2C0-F09F1CF6D12F}"
EndProject
Global
	GlobalSection(SolutionConfigurationPlatforms) = preSolution
		Debug|Any CPU = Debug|Any CPU
		Release|Any CPU = Release|Any CPU
	EndGlobalSection
	GlobalSection(ProjectConfigurationPlatforms) = postSolution
		{DE6D30AA-2D00-474F-B2C0-F09F1CF6D12F}.Debug|Any CPU.ActiveCfg = Debug|Any CPU
		{DE6D30AA-2D00-474F-B2C0-F09F1CF6D12F}.Debug|Any CPU.Build.0 = Debug|Any CPU
		{DE6D30AA-2D00-474F-B2C0-F09F1CF6D12F}.Release|Any CPU.ActiveCfg = Release|Any CPU
		{DE6D30AA-2D00-474F-B2C0-F09F1CF6D12F}.Release|Any CPU.Build.0 = Release|Any CPU
	EndGlobalSection
	GlobalSection(SolutionProperties) = preSolution
		HideSolutionNode = FALSE
	EndGlobalSection
	GlobalSection(ExtensibilityGlobals) = postSolution
		SolutionGuid = {73D2995C-00A7-4659-A33B-097547E84DC7}
	EndGlobalSection
EndGlobal
